
Microsoft Visual Studio Solution File, Format Version 12.00
# Visual Studio Version 17
VisualStudioVersion = 17.7.34024.191
MinimumVisualStudioVersion = 10.0.40219.1
Project("{9A19103F-16F7-4668-BE54-9A1E7A4F7556}") = "CustomerDemoAPI", "CustomerDemoAPI.csproj", "{AE749B66-D880-4335-A70A-5F51CA1A55E4}"
EndProject
Project("{FAE04EC0-301F-11D3-BF4B-00C04F79EFBC}") = "CustomerDemo", "..\CustomerDemo\CustomerDemo.csproj", "{0A7CA711-0032-40F9-86E1-6AA08E8CA7B0}"
EndProject
Global
	GlobalSection(SolutionConfigurationPlatforms) = preSolution
		Debug|Any CPU = Debug|Any CPU
		Release|Any CPU = Release|Any CPU
	EndGlobalSection
	GlobalSection(ProjectConfigurationPlatforms) = postSolution
		{AE749B66-D880-4335-A70A-5F51CA1A55E4}.Debug|Any CPU.ActiveCfg = Debug|Any CPU
		{AE749B66-D880-4335-A70A-5F51CA1A55E4}.Debug|Any CPU.Build.0 = Debug|Any CPU
		{AE749B66-D880-4335-A70A-5F51CA1A55E4}.Release|Any CPU.ActiveCfg = Release|Any CPU
		{AE749B66-D880-4335-A70A-5F51CA1A55E4}.Release|Any CPU.Build.0 = Release|Any CPU
		{0A7CA711-0032-40F9-86E1-6AA08E8CA7B0}.Debug|Any CPU.ActiveCfg = Debug|Any CPU
		{0A7CA711-0032-40F9-86E1-6AA08E8CA7B0}.Debug|Any CPU.Build.0 = Debug|Any CPU
		{0A7CA711-0032-40F9-86E1-6AA08E8CA7B0}.Debug|Any CPU.Deploy.0 = Debug|Any CPU
		{0A7CA711-0032-40F9-86E1-6AA08E8CA7B0}.Release|Any CPU.ActiveCfg = Release|Any CPU
		{0A7CA711-0032-40F9-86E1-6AA08E8CA7B0}.Release|Any CPU.Build.0 = Release|Any CPU
		{0A7CA711-0032-40F9-86E1-6AA08E8CA7B0}.Release|Any CPU.Deploy.0 = Release|Any CPU
	EndGlobalSection
	GlobalSection(SolutionProperties) = preSolution
		HideSolutionNode = FALSE
	EndGlobalSection
	GlobalSection(ExtensibilityGlobals) = postSolution
		SolutionGuid = {D0A89A49-47CA-4BE4-AD38-3F3872537D0E}
	EndGlobalSection
EndGlobal
